PODS:
  - blurhash (0.0.1):
    - Flutter
  - Flutter (1.0.0)

DEPENDENCIES:
  - blurhash (from `.symlinks/plugins/blurhash/ios`)
  - Flutter (from `Flutter`)

EXTERNAL SOURCES:
  blurhash:
    :path: ".symlinks/plugins/blurhash/ios"
  Flutter:
    :path: Flutter

SPEC CHECKSUMS:
  blurhash: 7f29ee116e0c2674e0a765b5df1f9767239bc279
  Flutter: e0871f40cf51350855a761d2e70bf5af5b9b5de7

PODFILE CHECKSUM: 819463e6a0290f5a72f145ba7cde16e8b6ef0796

COCOAPODS: 1.15.2
